{
  "requires": true,
  "lockfileVersion": 1,
  "dependencies": {
    "vant-weapp": {
      "version": "0.5.23",
      "resolved": "https://registry.npm.taobao.org/vant-weapp/download/vant-weapp-0.5.23.tgz?cache=0&sync_timestamp=1573540984139&other_urls=https%3A%2F%2Fregistry.npm.taobao.org%2Fvant-weapp%2Fdownload%2Fvant-weapp-0.5.23.tgz",
      "integrity": "sha1-49zxYuFfdOZjeptviOMkrPELUVU="
    }
  }
}
